
Microsoft Visual Studio Solution File, Format Version 12.00
# Visual Studio Version 17
VisualStudioVersion = 17.1.32328.378
MinimumVisualStudioVersion = 10.0.40219.1
Project("{8BC9CEB8-8B4A-11D0-8D11-00A0C91BC942}") = "Week11_Homework1", "Week11_Homework1\Week11_Homework1.vcxproj", "{137B3868-C7EA-4B51-90F2-D23CD060D958}"
EndProject
Global
	GlobalSection(SolutionConfigurationPlatforms) = preSolution
		Debug|x64 = Debug|x64
		Debug|x86 = Debug|x86
		Release|x64 = Release|x64
		Release|x86 = Release|x86
	EndGlobalSection
	GlobalSection(ProjectConfigurationPlatforms) = postSolution
		{137B3868-C7EA-4B51-90F2-D23CD060D958}.Debug|x64.ActiveCfg = Debug|x64
		{137B3868-C7EA-4B51-90F2-D23CD060D958}.Debug|x64.Build.0 = Debug|x64
		{137B3868-C7EA-4B51-90F2-D23CD060D958}.Debug|x86.ActiveCfg = Debug|Win32
		{137B3868-C7EA-4B51-90F2-D23CD060D958}.Debug|x86.Build.0 = Debug|Win32
		{137B3868-C7EA-4B51-90F2-D23CD060D958}.Release|x64.ActiveCfg = Release|x64
		{137B3868-C7EA-4B51-90F2-D23CD060D958}.Release|x64.Build.0 = Release|x64
		{137B3868-C7EA-4B51-90F2-D23CD060D958}.Release|x86.ActiveCfg = Release|Win32
		{137B3868-C7EA-4B51-90F2-D23CD060D958}.Release|x86.Build.0 = Release|Win32
	EndGlobalSection
	GlobalSection(SolutionProperties) = preSolution
		HideSolutionNode = FALSE
	EndGlobalSection
	GlobalSection(ExtensibilityGlobals) = postSolution
		SolutionGuid = {FA6B78EA-10B2-413D-B0C9-E2098E8D9D50}
	EndGlobalSection
EndGlobal
